// !$*UTF8*$!
{
	archiveVersion = 1;
	classes = {
	};
	objectVersion = 55;
	objects = {

/* Begin PBXBuildFile section */
		5903FC8027F9A89100ED0D67 /* Networking in Frameworks */ = {isa = PBXBuildFile; productRef = 5903FC7F27F9A89100ED0D67 /* Networking */; };
		5903FC8327F9CADC00ED0D67 /* ViewPresentable.swift in Sources */ = {isa = PBXBuildFile; fileRef = 5903FC8227F9CADC00ED0D67 /* ViewPresentable.swift */; };
		590C518F27F63606003D26F9 /* Translation.swift in Sources */ = {isa = PBXBuildFile; fileRef = 590C518E27F63606003D26F9 /* Translation.swift */; };
		590C519827F64F14003D26F9 /* Logger.swift in Sources */ = {isa = PBXBuildFile; fileRef = 590C519727F64F14003D26F9 /* Logger.swift */; };
		590C51A027F67627003D26F9 /* AsyncButton.swift in Sources */ = {isa = PBXBuildFile; fileRef = 590C519F27F67627003D26F9 /* AsyncButton.swift */; };
		5910CBF027F0C68D00841351 /* PhilitasApp.swift in Sources */ = {isa = PBXBuildFile; fileRef = 5910CBEF27F0C68D00841351 /* PhilitasApp.swift */; };
		5910CBF427F0C68D00841351 /* Assets.xcassets in Resources */ = {isa = PBXBuildFile; fileRef = 5910CBF327F0C68D00841351 /* Assets.xcassets */; };
		5910CBF727F0C68D00841351 /* Preview Assets.xcassets in Resources */ = {isa = PBXBuildFile; fileRef = 5910CBF627F0C68D00841351 /* Preview Assets.xcassets */; };
		5910CC0127F0C68E00841351 /* PhilitasTests.swift in Sources */ = {isa = PBXBuildFile; fileRef = 5910CC0027F0C68E00841351 /* PhilitasTests.swift */; };
		5910CC0B27F0C68E00841351 /* PhilitasUITests.swift in Sources */ = {isa = PBXBuildFile; fileRef = 5910CC0A27F0C68E00841351 /* PhilitasUITests.swift */; };
		5910CC0D27F0C68E00841351 /* PhilitasUITestsLaunchTests.swift in Sources */ = {isa = PBXBuildFile; fileRef = 5910CC0C27F0C68E00841351 /* PhilitasUITestsLaunchTests.swift */; };
		5910CC2927F0C82000841351 /* DashboardView.swift in Sources */ = {isa = PBXBuildFile; fileRef = 5910CC2827F0C82000841351 /* DashboardView.swift */; };
		5910CC2B27F0C83A00841351 /* DictionaryView.swift in Sources */ = {isa = PBXBuildFile; fileRef = 5910CC2A27F0C83A00841351 /* DictionaryView.swift */; };
		5910CC2E27F0C85A00841351 /* TabItem.swift in Sources */ = {isa = PBXBuildFile; fileRef = 5910CC2D27F0C85A00841351 /* TabItem.swift */; };
		5910CC3027F0C86C00841351 /* BaseResponse.swift in Sources */ = {isa = PBXBuildFile; fileRef = 5910CC2F27F0C86C00841351 /* BaseResponse.swift */; };
		5910CC3427F0C87D00841351 /* Word.swift in Sources */ = {isa = PBXBuildFile; fileRef = 5910CC3327F0C87D00841351 /* Word.swift */; };
		5910CC3627F0C8C700841351 /* WordDetailsView.swift in Sources */ = {isa = PBXBuildFile; fileRef = 5910CC3527F0C8C700841351 /* WordDetailsView.swift */; };
		5910CC3C27F0C95200841351 /* String+urlEncoded.swift in Sources */ = {isa = PBXBuildFile; fileRef = 5910CC3B27F0C95200841351 /* String+urlEncoded.swift */; };
		5910CC3E27F0CA0E00841351 /* Array+UpdateWord.swift in Sources */ = {isa = PBXBuildFile; fileRef = 5910CC3D27F0CA0E00841351 /* Array+UpdateWord.swift */; };
		5910CC4227F0CA6500841351 /* DictionaryStore.swift in Sources */ = {isa = PBXBuildFile; fileRef = 5910CC4127F0CA6500841351 /* DictionaryStore.swift */; };
		5910CC4527F0CAEA00841351 /* WordDetailsStore.swift in Sources */ = {isa = PBXBuildFile; fileRef = 5910CC4427F0CAEA00841351 /* WordDetailsStore.swift */; };
		5910CC4927F0CB4900841351 /* Pagination.swift in Sources */ = {isa = PBXBuildFile; fileRef = 5910CC4827F0CB4900841351 /* Pagination.swift */; };
		5910CC5027F0CC8600841351 /* DictionaryExplanation.swift in Sources */ = {isa = PBXBuildFile; fileRef = 5910CC4F27F0CC8600841351 /* DictionaryExplanation.swift */; };
		5910CC5227F0CCA400841351 /* SearchHit.swift in Sources */ = {isa = PBXBuildFile; fileRef = 5910CC5127F0CCA400841351 /* SearchHit.swift */; };
		5910CC5527F0CD2000841351 /* WordRow.swift in Sources */ = {isa = PBXBuildFile; fileRef = 5910CC5427F0CD2000841351 /* WordRow.swift */; };
		5910CC5727F0E7B200841351 /* TranslateCountryCode.swift in Sources */ = {isa = PBXBuildFile; fileRef = 5910CC5627F0E7B200841351 /* TranslateCountryCode.swift */; };
		5910CC5927F0F14F00841351 /* TranslateView.swift in Sources */ = {isa = PBXBuildFile; fileRef = 5910CC5827F0F14F00841351 /* TranslateView.swift */; };
		592850B127F2499E007DD160 /* ProfileView.swift in Sources */ = {isa = PBXBuildFile; fileRef = 592850B027F2499E007DD160 /* ProfileView.swift */; };
		592850B327F24AD5007DD160 /* ProfileStore.swift in Sources */ = {isa = PBXBuildFile; fileRef = 592850B227F24AD5007DD160 /* ProfileStore.swift */; };
		592850B527F250E7007DD160 /* RawRepresentable+isPresented.swift in Sources */ = {isa = PBXBuildFile; fileRef = 592850B427F250E7007DD160 /* RawRepresentable+isPresented.swift */; };
		592CABC427F112760093F879 /* Endpoint.swift in Sources */ = {isa = PBXBuildFile; fileRef = 592CABC327F112760093F879 /* Endpoint.swift */; };
		592CABC627F113430093F879 /* WordAPI.swift in Sources */ = {isa = PBXBuildFile; fileRef = 592CABC527F113430093F879 /* WordAPI.swift */; };
		5941D52B28524BD80006C373 /* WordDetailsLoader.swift in Sources */ = {isa = PBXBuildFile; fileRef = 5941D52A28524BD80006C373 /* WordDetailsLoader.swift */; };
		5941D52D28524C8A0006C373 /* WordDetailsService.swift in Sources */ = {isa = PBXBuildFile; fileRef = 5941D52C28524C8A0006C373 /* WordDetailsService.swift */; };
		5941D52F28525D650006C373 /* DictionaryLoader.swift in Sources */ = {isa = PBXBuildFile; fileRef = 5941D52E28525D650006C373 /* DictionaryLoader.swift */; };
		5941D53128525FC20006C373 /* DictionaryService.swift in Sources */ = {isa = PBXBuildFile; fileRef = 5941D53028525FC20006C373 /* DictionaryService.swift */; };
		5941D533285270670006C373 /* SessionLoader.swift in Sources */ = {isa = PBXBuildFile; fileRef = 5941D532285270670006C373 /* SessionLoader.swift */; };
		5941D5352852706D0006C373 /* SessionService.swift in Sources */ = {isa = PBXBuildFile; fileRef = 5941D5342852706D0006C373 /* SessionService.swift */; };
		5950D7412853AD8B00E5F4C7 /* DictionaryUpdater.swift in Sources */ = {isa = PBXBuildFile; fileRef = 5950D7402853AD8B00E5F4C7 /* DictionaryUpdater.swift */; };
		5950D7442853D7F800E5F4C7 /* FavoriteLoader.swift in Sources */ = {isa = PBXBuildFile; fileRef = 5950D7432853D7F800E5F4C7 /* FavoriteLoader.swift */; };
		5950D7462853D86F00E5F4C7 /* Paginatable.swift in Sources */ = {isa = PBXBuildFile; fileRef = 5950D7452853D86F00E5F4C7 /* Paginatable.swift */; };
		5950D7482853D93C00E5F4C7 /* FavoriteService.swift in Sources */ = {isa = PBXBuildFile; fileRef = 5950D7472853D93C00E5F4C7 /* FavoriteService.swift */; };
		5950D74A2853DCBD00E5F4C7 /* FavoriteStore.swift in Sources */ = {isa = PBXBuildFile; fileRef = 5950D7492853DCBC00E5F4C7 /* FavoriteStore.swift */; };
		5950D74C2853DE9C00E5F4C7 /* FavoriteView.swift in Sources */ = {isa = PBXBuildFile; fileRef = 5950D74B2853DE9C00E5F4C7 /* FavoriteView.swift */; };
		597A55D427F2605500A92CC9 /* UserDefaults.swift in Sources */ = {isa = PBXBuildFile; fileRef = 597A55D327F2605500A92CC9 /* UserDefaults.swift */; };
		597A55D627F2658700A92CC9 /* Session.swift in Sources */ = {isa = PBXBuildFile; fileRef = 597A55D527F2658700A92CC9 /* Session.swift */; };
		5986B96D27F79B2600703697 /* APIConfigure.swift in Sources */ = {isa = PBXBuildFile; fileRef = 5986B96C27F79B2600703697 /* APIConfigure.swift */; };
		59BCF78127F8D59400B1DE8D /* DataState.swift in Sources */ = {isa = PBXBuildFile; fileRef = 59BCF78027F8D59400B1DE8D /* DataState.swift */; };
		59BCF78327F8D5E100B1DE8D /* WordDetailsStore+ViewModel.swift in Sources */ = {isa = PBXBuildFile; fileRef = 59BCF78227F8D5E100B1DE8D /* WordDetailsStore+ViewModel.swift */; };
		59BCF78727F8D68500B1DE8D /* WordDetailsStore+PresentedView.swift in Sources */ = {isa = PBXBuildFile; fileRef = 59BCF78627F8D68500B1DE8D /* WordDetailsStore+PresentedView.swift */; };
		59C890BD27F21EF0008956B3 /* Response.swift in Sources */ = {isa = PBXBuildFile; fileRef = 59C890BC27F21EF0008956B3 /* Response.swift */; };
		59C890BF27F220D0008956B3 /* Response+User.swift in Sources */ = {isa = PBXBuildFile; fileRef = 59C890BE27F220D0008956B3 /* Response+User.swift */; };
		59C890C327F2220E008956B3 /* UserAPI.swift in Sources */ = {isa = PBXBuildFile; fileRef = 59C890C227F2220E008956B3 /* UserAPI.swift */; };
		59C890C627F231A9008956B3 /* LoginView.swift in Sources */ = {isa = PBXBuildFile; fileRef = 59C890C527F231A9008956B3 /* LoginView.swift */; };
		59C890C827F231B1008956B3 /* LoginModel.swift in Sources */ = {isa = PBXBuildFile; fileRef = 59C890C727F231B1008956B3 /* LoginModel.swift */; };
		59C890CA27F23663008956B3 /* LineDivider.swift in Sources */ = {isa = PBXBuildFile; fileRef = 59C890C927F23663008956B3 /* LineDivider.swift */; };
/* End PBXBuildFile section */

/* Begin PBXContainerItemProxy section */
		5910CBFD27F0C68E00841351 /* PBXContainerItemProxy */ = {
			isa = PBXContainerItemProxy;
			containerPortal = 5910CBE427F0C68D00841351 /* Project object */;
			proxyType = 1;
			remoteGlobalIDString = 5910CBEB27F0C68D00841351;
			remoteInfo = Philitas;
		};
		5910CC0727F0C68E00841351 /* PBXContainerItemProxy */ = {
			isa = PBXContainerItemProxy;
			containerPortal = 5910CBE427F0C68D00841351 /* Project object */;
			proxyType = 1;
			remoteGlobalIDString = 5910CBEB27F0C68D00841351;
			remoteInfo = Philitas;
		};
/* End PBXContainerItemProxy section */

/* Begin PBXFileReference section */
		5903FC7A27F99D6B00ED0D67 /* Networking */ = {isa = PBXFileReference; lastKnownFileType = wrapper; name = Networking; path = ../../Networking; sourceTree = "<group>"; };
		5903FC8227F9CADC00ED0D67 /* ViewPresentable.swift */ = {isa = PBXFileReference; lastKnownFileType = sourcecode.swift; path = ViewPresentable.swift; sourceTree = "<group>"; };
		590C518E27F63606003D26F9 /* Translation.swift */ = {isa = PBXFileReference; lastKnownFileType = sourcecode.swift; path = Translation.swift; sourceTree = "<group>"; };
		590C519727F64F14003D26F9 /* Logger.swift */ = {isa = PBXFileReference; lastKnownFileType = sourcecode.swift; path = Logger.swift; sourceTree = "<group>"; };
		590C519F27F67627003D26F9 /* AsyncButton.swift */ = {isa = PBXFileReference; lastKnownFileType = sourcecode.swift; path = AsyncButton.swift; sourceTree = "<group>"; };
		5910CBEC27F0C68D00841351 /* Philitas.app */ = {isa = PBXFileReference; explicitFileType = wrapper.application; includeInIndex = 0; path = Philitas.app; sourceTree = BUILT_PRODUCTS_DIR; };
		5910CBEF27F0C68D00841351 /* PhilitasApp.swift */ = {isa = PBXFileReference; lastKnownFileType = sourcecode.swift; path = PhilitasApp.swift; sourceTree = "<group>"; };
		5910CBF327F0C68D00841351 /* Assets.xcassets */ = {isa = PBXFileReference; lastKnownFileType = folder.assetcatalog; path = Assets.xcassets; sourceTree = "<group>"; };
		5910CBF627F0C68D00841351 /* Preview Assets.xcassets */ = {isa = PBXFileReference; lastKnownFileType = folder.assetcatalog; path = "Preview Assets.xcassets"; sourceTree = "<group>"; };
		5910CBFC27F0C68E00841351 /* PhilitasTests.xctest */ = {isa = PBXFileReference; explicitFileType = wrapper.cfbundle; includeInIndex = 0; path = PhilitasTests.xctest; sourceTree = BUILT_PRODUCTS_DIR; };
		5910CC0027F0C68E00841351 /* PhilitasTests.swift */ = {isa = PBXFileReference; lastKnownFileType = sourcecode.swift; path = PhilitasTests.swift; sourceTree = "<group>"; };
		5910CC0627F0C68E00841351 /* PhilitasUITests.xctest */ = {isa = PBXFileReference; explicitFileType = wrapper.cfbundle; includeInIndex = 0; path = PhilitasUITests.xctest; sourceTree = BUILT_PRODUCTS_DIR; };
		5910CC0A27F0C68E00841351 /* PhilitasUITests.swift */ = {isa = PBXFileReference; lastKnownFileType = sourcecode.swift; path = PhilitasUITests.swift; sourceTree = "<group>"; };
		5910CC0C27F0C68E00841351 /* PhilitasUITestsLaunchTests.swift */ = {isa = PBXFileReference; lastKnownFileType = sourcecode.swift; path = PhilitasUITestsLaunchTests.swift; sourceTree = "<group>"; };
		5910CC2827F0C82000841351 /* DashboardView.swift */ = {isa = PBXFileReference; lastKnownFileType = sourcecode.swift; path = DashboardView.swift; sourceTree = "<group>"; };
		5910CC2A27F0C83A00841351 /* DictionaryView.swift */ = {isa = PBXFileReference; lastKnownFileType = sourcecode.swift; path = DictionaryView.swift; sourceTree = "<group>"; };
		5910CC2D27F0C85A00841351 /* TabItem.swift */ = {isa = PBXFileReference; lastKnownFileType = sourcecode.swift; path = TabItem.swift; sourceTree = "<group>"; };
		5910CC2F27F0C86C00841351 /* BaseResponse.swift */ = {isa = PBXFileReference; lastKnownFileType = sourcecode.swift; path = BaseResponse.swift; sourceTree = "<group>"; };
		5910CC3327F0C87D00841351 /* Word.swift */ = {isa = PBXFileReference; lastKnownFileType = sourcecode.swift; path = Word.swift; sourceTree = "<group>"; };
		5910CC3527F0C8C700841351 /* WordDetailsView.swift */ = {isa = PBXFileReference; lastKnownFileType = sourcecode.swift; path = WordDetailsView.swift; sourceTree = "<group>"; };
		5910CC3B27F0C95200841351 /* String+urlEncoded.swift */ = {isa = PBXFileReference; lastKnownFileType = sourcecode.swift; path = "String+urlEncoded.swift"; sourceTree = "<group>"; };
		5910CC3D27F0CA0E00841351 /* Array+UpdateWord.swift */ = {isa = PBXFileReference; lastKnownFileType = sourcecode.swift; path = "Array+UpdateWord.swift"; sourceTree = "<group>"; };
		5910CC4127F0CA6500841351 /* DictionaryStore.swift */ = {isa = PBXFileReference; lastKnownFileType = sourcecode.swift; path = DictionaryStore.swift; sourceTree = "<group>"; };
		5910CC4427F0CAEA00841351 /* WordDetailsStore.swift */ = {isa = PBXFileReference; lastKnownFileType = sourcecode.swift; path = WordDetailsStore.swift; sourceTree = "<group>"; };
		5910CC4827F0CB4900841351 /* Pagination.swift */ = {isa = PBXFileReference; lastKnownFileType = sourcecode.swift; path = Pagination.swift; sourceTree = "<group>"; };
		5910CC4F27F0CC8600841351 /* DictionaryExplanation.swift */ = {isa = PBXFileReference; lastKnownFileType = sourcecode.swift; path = DictionaryExplanation.swift; sourceTree = "<group>"; };
		5910CC5127F0CCA400841351 /* SearchHit.swift */ = {isa = PBXFileReference; lastKnownFileType = sourcecode.swift; path = SearchHit.swift; sourceTree = "<group>"; };
		5910CC5427F0CD2000841351 /* WordRow.swift */ = {isa = PBXFileReference; lastKnownFileType = sourcecode.swift; path = WordRow.swift; sourceTree = "<group>"; };
		5910CC5627F0E7B200841351 /* TranslateCountryCode.swift */ = {isa = PBXFileReference; lastKnownFileType = sourcecode.swift; path = TranslateCountryCode.swift; sourceTree = "<group>"; };
		5910CC5827F0F14F00841351 /* TranslateView.swift */ = {isa = PBXFileReference; lastKnownFileType = sourcecode.swift; path = TranslateView.swift; sourceTree = "<group>"; };
		592850B027F2499E007DD160 /* ProfileView.swift */ = {isa = PBXFileReference; lastKnownFileType = sourcecode.swift; path = ProfileView.swift; sourceTree = "<group>"; };
		592850B227F24AD5007DD160 /* ProfileStore.swift */ = {isa = PBXFileReference; lastKnownFileType = sourcecode.swift; path = ProfileStore.swift; sourceTree = "<group>"; };
		592850B427F250E7007DD160 /* RawRepresentable+isPresented.swift */ = {isa = PBXFileReference; lastKnownFileType = sourcecode.swift; path = "RawRepresentable+isPresented.swift"; sourceTree = "<group>"; };
		592CABC327F112760093F879 /* Endpoint.swift */ = {isa = PBXFileReference; lastKnownFileType = sourcecode.swift; path = Endpoint.swift; sourceTree = "<group>"; };
		592CABC527F113430093F879 /* WordAPI.swift */ = {isa = PBXFileReference; lastKnownFileType = sourcecode.swift; path = WordAPI.swift; sourceTree = "<group>"; };
		5941D52A28524BD80006C373 /* WordDetailsLoader.swift */ = {isa = PBXFileReference; lastKnownFileType = sourcecode.swift; path = WordDetailsLoader.swift; sourceTree = "<group>"; };
		5941D52C28524C8A0006C373 /* WordDetailsService.swift */ = {isa = PBXFileReference; lastKnownFileType = sourcecode.swift; path = WordDetailsService.swift; sourceTree = "<group>"; };
		5941D52E28525D650006C373 /* DictionaryLoader.swift */ = {isa = PBXFileReference; lastKnownFileType = sourcecode.swift; path = DictionaryLoader.swift; sourceTree = "<group>"; };
		5941D53028525FC20006C373 /* DictionaryService.swift */ = {isa = PBXFileReference; lastKnownFileType = sourcecode.swift; path = DictionaryService.swift; sourceTree = "<group>"; };
		5941D532285270670006C373 /* SessionLoader.swift */ = {isa = PBXFileReference; lastKnownFileType = sourcecode.swift; path = SessionLoader.swift; sourceTree = "<group>"; };
		5941D5342852706D0006C373 /* SessionService.swift */ = {isa = PBXFileReference; lastKnownFileType = sourcecode.swift; path = SessionService.swift; sourceTree = "<group>"; };
		5950D7402853AD8B00E5F4C7 /* DictionaryUpdater.swift */ = {isa = PBXFileReference; lastKnownFileType = sourcecode.swift; path = DictionaryUpdater.swift; sourceTree = "<group>"; };
		5950D7432853D7F800E5F4C7 /* FavoriteLoader.swift */ = {isa = PBXFileReference; lastKnownFileType = sourcecode.swift; path = FavoriteLoader.swift; sourceTree = "<group>"; };
		5950D7452853D86F00E5F4C7 /* Paginatable.swift */ = {isa = PBXFileReference; lastKnownFileType = sourcecode.swift; path = Paginatable.swift; sourceTree = "<group>"; };
		5950D7472853D93C00E5F4C7 /* FavoriteService.swift */ = {isa = PBXFileReference; lastKnownFileType = sourcecode.swift; path = FavoriteService.swift; sourceTree = "<group>"; };
		5950D7492853DCBC00E5F4C7 /* FavoriteStore.swift */ = {isa = PBXFileReference; lastKnownFileType = sourcecode.swift; path = FavoriteStore.swift; sourceTree = "<group>"; };
		5950D74B2853DE9C00E5F4C7 /* FavoriteView.swift */ = {isa = PBXFileReference; lastKnownFileType = sourcecode.swift; path = FavoriteView.swift; sourceTree = "<group>"; };
		597A55D327F2605500A92CC9 /* UserDefaults.swift */ = {isa = PBXFileReference; lastKnownFileType = sourcecode.swift; path = UserDefaults.swift; sourceTree = "<group>"; };
		597A55D527F2658700A92CC9 /* Session.swift */ = {isa = PBXFileReference; lastKnownFileType = sourcecode.swift; path = Session.swift; sourceTree = "<group>"; };
		5986B96C27F79B2600703697 /* APIConfigure.swift */ = {isa = PBXFileReference; lastKnownFileType = sourcecode.swift; path = APIConfigure.swift; sourceTree = "<group>"; };
		59BCF78027F8D59400B1DE8D /* DataState.swift */ = {isa = PBXFileReference; lastKnownFileType = sourcecode.swift; path = DataState.swift; sourceTree = "<group>"; };
		59BCF78227F8D5E100B1DE8D /* WordDetailsStore+ViewModel.swift */ = {isa = PBXFileReference; lastKnownFileType = sourcecode.swift; path = "WordDetailsStore+ViewModel.swift"; sourceTree = "<group>"; };
		59BCF78627F8D68500B1DE8D /* WordDetailsStore+PresentedView.swift */ = {isa = PBXFileReference; lastKnownFileType = sourcecode.swift; path = "WordDetailsStore+PresentedView.swift"; sourceTree = "<group>"; };
		59C890BC27F21EF0008956B3 /* Response.swift */ = {isa = PBXFileReference; lastKnownFileType = sourcecode.swift; path = Response.swift; sourceTree = "<group>"; };
		59C890BE27F220D0008956B3 /* Response+User.swift */ = {isa = PBXFileReference; lastKnownFileType = sourcecode.swift; path = "Response+User.swift"; sourceTree = "<group>"; };
		59C890C227F2220E008956B3 /* UserAPI.swift */ = {isa = PBXFileReference; lastKnownFileType = sourcecode.swift; path = UserAPI.swift; sourceTree = "<group>"; };
		59C890C527F231A9008956B3 /* LoginView.swift */ = {isa = PBXFileReference; lastKnownFileType = sourcecode.swift; path = LoginView.swift; sourceTree = "<group>"; };
		59C890C727F231B1008956B3 /* LoginModel.swift */ = {isa = PBXFileReference; lastKnownFileType = sourcecode.swift; path = LoginModel.swift; sourceTree = "<group>"; };
		59C890C927F23663008956B3 /* LineDivider.swift */ = {isa = PBXFileReference; lastKnownFileType = sourcecode.swift; path = LineDivider.swift; sourceTree = "<group>"; };
/* End PBXFileReference section */

/* Begin PBXFrameworksBuildPhase section */
		5910CBE927F0C68D00841351 /* Frameworks */ = {
			isa = PBXFrameworksBuildPhase;
			buildActionMask = 2147483647;
			files = (
				5903FC8027F9A89100ED0D67 /* Networking in Frameworks */,
			);
			runOnlyForDeploymentPostprocessing = 0;
		};
		5910CBF927F0C68E00841351 /* Frameworks */ = {
			isa = PBXFrameworksBuildPhase;
			buildActionMask = 2147483647;
			files = (
			);
			runOnlyForDeploymentPostprocessing = 0;
		};
		5910CC0327F0C68E00841351 /* Frameworks */ = {
			isa = PBXFrameworksBuildPhase;
			buildActionMask = 2147483647;
			files = (
			);
			runOnlyForDeploymentPostprocessing = 0;
		};
/* End PBXFrameworksBuildPhase section */

/* Begin PBXGroup section */
		5903FC6F27F9357B00ED0D67 /* App */ = {
			isa = PBXGroup;
			children = (
				5910CBEF27F0C68D00841351 /* PhilitasApp.swift */,
				5986B96C27F79B2600703697 /* APIConfigure.swift */,
				597A55D527F2658700A92CC9 /* Session.swift */,
				5941D532285270670006C373 /* SessionLoader.swift */,
				5941D5342852706D0006C373 /* SessionService.swift */,
			);
			path = App;
			sourceTree = "<group>";
		};
		5903FC7027F935B600ED0D67 /* Profile */ = {
			isa = PBXGroup;
			children = (
				592850B027F2499E007DD160 /* ProfileView.swift */,
				592850B227F24AD5007DD160 /* ProfileStore.swift */,
			);
			path = Profile;
			sourceTree = "<group>";
		};
		5903FC7927F99D6B00ED0D67 /* Packages */ = {
			isa = PBXGroup;
			children = (
				5903FC7A27F99D6B00ED0D67 /* Networking */,
			);
			name = Packages;
			sourceTree = "<group>";
		};
		5903FC7C27F9A86A00ED0D67 /* Frameworks */ = {
			isa = PBXGroup;
			children = (
			);
			name = Frameworks;
			sourceTree = "<group>";
		};
		5903FC8127F9CAC400ED0D67 /* Protocols */ = {
			isa = PBXGroup;
			children = (
				5903FC8227F9CADC00ED0D67 /* ViewPresentable.swift */,
				5950D7452853D86F00E5F4C7 /* Paginatable.swift */,
			);
			path = Protocols;
			sourceTree = "<group>";
		};
		590C518D27F63454003D26F9 /* User */ = {
			isa = PBXGroup;
			children = (
				59C890BE27F220D0008956B3 /* Response+User.swift */,
			);
			path = User;
			sourceTree = "<group>";
		};
		5910CBE327F0C68D00841351 = {
			isa = PBXGroup;
			children = (
				5903FC7927F99D6B00ED0D67 /* Packages */,
				5910CBEE27F0C68D00841351 /* Philitas */,
				5910CBFF27F0C68E00841351 /* PhilitasTests */,
				5910CC0927F0C68E00841351 /* PhilitasUITests */,
				5910CBED27F0C68D00841351 /* Products */,
				5903FC7C27F9A86A00ED0D67 /* Frameworks */,
			);
			sourceTree = "<group>";
		};
		5910CBED27F0C68D00841351 /* Products */ = {
			isa = PBXGroup;
			children = (
				5910CBEC27F0C68D00841351 /* Philitas.app */,
				5910CBFC27F0C68E00841351 /* PhilitasTests.xctest */,
				5910CC0627F0C68E00841351 /* PhilitasUITests.xctest */,
			);
			name = Products;
			sourceTree = "<group>";
		};
		5910CBEE27F0C68D00841351 /* Philitas */ = {
			isa = PBXGroup;
			children = (
				5903FC6F27F9357B00ED0D67 /* App */,
				5910CC5327F0CD0900841351 /* Components */,
				5910CC3A27F0C93A00841351 /* Extensions */,
				597A55D227F2602300A92CC9 /* Managers */,
				5910CC2C27F0C84B00841351 /* Model */,
				5903FC8127F9CAC400ED0D67 /* Protocols */,
				592CABC227F111F90093F879 /* Service */,
				5910CC3F27F0CA3200841351 /* Views */,
				5910CBF327F0C68D00841351 /* Assets.xcassets */,
				5910CBF527F0C68D00841351 /* Preview Content */,
			);
			path = Philitas;
			sourceTree = "<group>";
		};
		5910CBF527F0C68D00841351 /* Preview Content */ = {
			isa = PBXGroup;
			children = (
				5910CBF627F0C68D00841351 /* Preview Assets.xcassets */,
			);
			path = "Preview Content";
			sourceTree = "<group>";
		};
		5910CBFF27F0C68E00841351 /* PhilitasTests */ = {
			isa = PBXGroup;
			children = (
				5910CC0027F0C68E00841351 /* PhilitasTests.swift */,
			);
			path = PhilitasTests;
			sourceTree = "<group>";
		};
		5910CC0927F0C68E00841351 /* PhilitasUITests */ = {
			isa = PBXGroup;
			children = (
				5910CC0A27F0C68E00841351 /* PhilitasUITests.swift */,
				5910CC0C27F0C68E00841351 /* PhilitasUITestsLaunchTests.swift */,
			);
			path = PhilitasUITests;
			sourceTree = "<group>";
		};
		5910CC2C27F0C84B00841351 /* Model */ = {
			isa = PBXGroup;
			children = (
				5910CC4727F0CB3C00841351 /* Network */,
				5910CC5627F0E7B200841351 /* TranslateCountryCode.swift */,
				59BCF78027F8D59400B1DE8D /* DataState.swift */,
			);
			path = Model;
			sourceTree = "<group>";
		};
		5910CC3A27F0C93A00841351 /* Extensions */ = {
			isa = PBXGroup;
			children = (
				5910CC3B27F0C95200841351 /* String+urlEncoded.swift */,
				5910CC3D27F0CA0E00841351 /* Array+UpdateWord.swift */,
				592850B427F250E7007DD160 /* RawRepresentable+isPresented.swift */,
			);
			path = Extensions;
			sourceTree = "<group>";
		};
		5910CC3F27F0CA3200841351 /* Views */ = {
			isa = PBXGroup;
			children = (
				5910CC4627F0CB1C00841351 /* Dashboard */,
				5950D7422853D7DD00E5F4C7 /* Favorite */,
				5910CC4027F0CA3E00841351 /* Dictionary */,
				59C890C427F2318A008956B3 /* Login */,
				5903FC7027F935B600ED0D67 /* Profile */,
				5910CC4327F0CACA00841351 /* WordDetails */,
			);
			path = Views;
			sourceTree = "<group>";
		};
		5910CC4027F0CA3E00841351 /* Dictionary */ = {
			isa = PBXGroup;
			children = (
				5910CC2A27F0C83A00841351 /* DictionaryView.swift */,
				5910CC4127F0CA6500841351 /* DictionaryStore.swift */,
				5941D52E28525D650006C373 /* DictionaryLoader.swift */,
				5950D7402853AD8B00E5F4C7 /* DictionaryUpdater.swift */,
				5941D53028525FC20006C373 /* DictionaryService.swift */,
			);
			path = Dictionary;
			sourceTree = "<group>";
		};
		5910CC4327F0CACA00841351 /* WordDetails */ = {
			isa = PBXGroup;
			children = (
				5910CC3527F0C8C700841351 /* WordDetailsView.swift */,
				5941D52A28524BD80006C373 /* WordDetailsLoader.swift */,
				5941D52C28524C8A0006C373 /* WordDetailsService.swift */,
				5910CC4427F0CAEA00841351 /* WordDetailsStore.swift */,
				59BCF78227F8D5E100B1DE8D /* WordDetailsStore+ViewModel.swift */,
				59BCF78627F8D68500B1DE8D /* WordDetailsStore+PresentedView.swift */,
				5910CC5827F0F14F00841351 /* TranslateView.swift */,
			);
			path = WordDetails;
			sourceTree = "<group>";
		};
		5910CC4627F0CB1C00841351 /* Dashboard */ = {
			isa = PBXGroup;
			children = (
				5910CC2D27F0C85A00841351 /* TabItem.swift */,
				5910CC2827F0C82000841351 /* DashboardView.swift */,
			);
			path = Dashboard;
			sourceTree = "<group>";
		};
		5910CC4727F0CB3C00841351 /* Network */ = {
			isa = PBXGroup;
			children = (
				59C890BC27F21EF0008956B3 /* Response.swift */,
				590C518D27F63454003D26F9 /* User */,
				5910CC4E27F0CC7700841351 /* Word */,
				5910CC4827F0CB4900841351 /* Pagination.swift */,
				5910CC2F27F0C86C00841351 /* BaseResponse.swift */,
			);
			path = Network;
			sourceTree = "<group>";
		};
		5910CC4E27F0CC7700841351 /* Word */ = {
			isa = PBXGroup;
			children = (
				5910CC3327F0C87D00841351 /* Word.swift */,
				5910CC4F27F0CC8600841351 /* DictionaryExplanation.swift */,
				5910CC5127F0CCA400841351 /* SearchHit.swift */,
				590C518E27F63606003D26F9 /* Translation.swift */,
			);
			path = Word;
			sourceTree = "<group>";
		};
		5910CC5327F0CD0900841351 /* Components */ = {
			isa = PBXGroup;
			children = (
				5910CC5427F0CD2000841351 /* WordRow.swift */,
				59C890C927F23663008956B3 /* LineDivider.swift */,
				590C519F27F67627003D26F9 /* AsyncButton.swift */,
			);
			path = Components;
			sourceTree = "<group>";
		};
		592CABC227F111F90093F879 /* Service */ = {
			isa = PBXGroup;
			children = (
				592CABC327F112760093F879 /* Endpoint.swift */,
				597A55CF27F25F5E00A92CC9 /* WordService */,
				59C890B527F21DC7008956B3 /* UserService */,
			);
			path = Service;
			sourceTree = "<group>";
		};
		5950D7422853D7DD00E5F4C7 /* Favorite */ = {
			isa = PBXGroup;
			children = (
				5950D7432853D7F800E5F4C7 /* FavoriteLoader.swift */,
				5950D7492853DCBC00E5F4C7 /* FavoriteStore.swift */,
				5950D7472853D93C00E5F4C7 /* FavoriteService.swift */,
				5950D74B2853DE9C00E5F4C7 /* FavoriteView.swift */,
			);
			path = Favorite;
			sourceTree = "<group>";
		};
		597A55CF27F25F5E00A92CC9 /* WordService */ = {
			isa = PBXGroup;
			children = (
				592CABC527F113430093F879 /* WordAPI.swift */,
			);
			path = WordService;
			sourceTree = "<group>";
		};
		597A55D227F2602300A92CC9 /* Managers */ = {
			isa = PBXGroup;
			children = (
				597A55D327F2605500A92CC9 /* UserDefaults.swift */,
				590C519727F64F14003D26F9 /* Logger.swift */,
			);
			path = Managers;
			sourceTree = "<group>";
		};
		59C890B527F21DC7008956B3 /* UserService */ = {
			isa = PBXGroup;
			children = (
				59C890C227F2220E008956B3 /* UserAPI.swift */,
			);
			path = UserService;
			sourceTree = "<group>";
		};
		59C890C427F2318A008956B3 /* Login */ = {
			isa = PBXGroup;
			children = (
				59C890C527F231A9008956B3 /* LoginView.swift */,
				59C890C727F231B1008956B3 /* LoginModel.swift */,
			);
			path = Login;
			sourceTree = "<group>";
		};
/* End PBXGroup section */

/* Begin PBXNativeTarget section */
		5910CBEB27F0C68D00841351 /* Philitas */ = {
			isa = PBXNativeTarget;
			buildConfigurationList = 5910CC1027F0C68E00841351 /* Build configuration list for PBXNativeTarget "Philitas" */;
			buildPhases = (
				5910CBE827F0C68D00841351 /* Sources */,
				5910CBE927F0C68D00841351 /* Frameworks */,
				5910CBEA27F0C68D00841351 /* Resources */,
				598D522F284367A900A4D643 /* Swift-Format */,
			);
			buildRules = (
			);
			dependencies = (
			);
			name = Philitas;
			packageProductDependencies = (
				5903FC7F27F9A89100ED0D67 /* Networking */,
			);
			productName = Philitas;
			productReference = 5910CBEC27F0C68D00841351 /* Philitas.app */;
			productType = "com.apple.product-type.application";
		};
		5910CBFB27F0C68E00841351 /* PhilitasTests */ = {
			isa = PBXNativeTarget;
			buildConfigurationList = 5910CC1327F0C68E00841351 /* Build configuration list for PBXNativeTarget "PhilitasTests" */;
			buildPhases = (
				5910CBF827F0C68E00841351 /* Sources */,
				5910CBF927F0C68E00841351 /* Frameworks */,
				5910CBFA27F0C68E00841351 /* Resources */,
			);
			buildRules = (
			);
			dependencies = (
				5910CBFE27F0C68E00841351 /* PBXTargetDependency */,
			);
			name = PhilitasTests;
			productName = PhilitasTests;
			productReference = 5910CBFC27F0C68E00841351 /* PhilitasTests.xctest */;
			productType = "com.apple.product-type.bundle.unit-test";
		};
		5910CC0527F0C68E00841351 /* PhilitasUITests */ = {
			isa = PBXNativeTarget;
			buildConfigurationList = 5910CC1627F0C68E00841351 /* Build configuration list for PBXNativeTarget "PhilitasUITests" */;
			buildPhases = (
				5910CC0227F0C68E00841351 /* Sources */,
				5910CC0327F0C68E00841351 /* Frameworks */,
				5910CC0427F0C68E00841351 /* Resources */,
			);
			buildRules = (
			);
			dependencies = (
				5910CC0827F0C68E00841351 /* PBXTargetDependency */,
			);
			name = PhilitasUITests;
			productName = PhilitasUITests;
			productReference = 5910CC0627F0C68E00841351 /* PhilitasUITests.xctest */;
			productType = "com.apple.product-type.bundle.ui-testing";
		};
/* End PBXNativeTarget section */

/* Begin PBXProject section */
		5910CBE427F0C68D00841351 /* Project object */ = {
			isa = PBXProject;
			attributes = {
				BuildIndependentTargetsInParallel = 1;
				LastSwiftUpdateCheck = 1330;
				LastUpgradeCheck = 1330;
				TargetAttributes = {
					5910CBEB27F0C68D00841351 = {
						CreatedOnToolsVersion = 13.3;
					};
					5910CBFB27F0C68E00841351 = {
						CreatedOnToolsVersion = 13.3;
						TestTargetID = 5910CBEB27F0C68D00841351;
					};
					5910CC0527F0C68E00841351 = {
						CreatedOnToolsVersion = 13.3;
						TestTargetID = 5910CBEB27F0C68D00841351;
					};
				};
			};
			buildConfigurationList = 5910CBE727F0C68D00841351 /* Build configuration list for PBXProject "Philitas" */;
			compatibilityVersion = "Xcode 13.0";
			developmentRegion = en;
			hasScannedForEncodings = 0;
			knownRegions = (
				en,
				Base,
			);
			mainGroup = 5910CBE327F0C68D00841351;
			packageReferences = (
			);
			productRefGroup = 5910CBED27F0C68D00841351 /* Products */;
			projectDirPath = "";
			projectRoot = "";
			targets = (
				5910CBEB27F0C68D00841351 /* Philitas */,
				5910CBFB27F0C68E00841351 /* PhilitasTests */,
				5910CC0527F0C68E00841351 /* PhilitasUITests */,
			);
		};
/* End PBXProject section */

/* Begin PBXResourcesBuildPhase section */
		5910CBEA27F0C68D00841351 /* Resources */ = {
			isa = PBXResourcesBuildPhase;
			buildActionMask = 2147483647;
			files = (
				5910CBF727F0C68D00841351 /* Preview Assets.xcassets in Resources */,
				5910CBF427F0C68D00841351 /* Assets.xcassets in Resources */,
			);
			runOnlyForDeploymentPostprocessing = 0;
		};
		5910CBFA27F0C68E00841351 /* Resources */ = {
			isa = PBXResourcesBuildPhase;
			buildActionMask = 2147483647;
			files = (
			);
			runOnlyForDeploymentPostprocessing = 0;
		};
		5910CC0427F0C68E00841351 /* Resources */ = {
			isa = PBXResourcesBuildPhase;
			buildActionMask = 2147483647;
			files = (
			);
			runOnlyForDeploymentPostprocessing = 0;
		};
/* End PBXResourcesBuildPhase section */

/* Begin PBXShellScriptBuildPhase section */
		598D522F284367A900A4D643 /* Swift-Format */ = {
			isa = PBXShellScriptBuildPhase;
			buildActionMask = 2147483647;
			files = (
			);
			inputFileListPaths = (
			);
			inputPaths = (
			);
			name = "Swift-Format";
			outputFileListPaths = (
			);
			outputPaths = (
			);
			runOnlyForDeploymentPostprocessing = 0;
			shellPath = /bin/sh;
			shellScript = "#export PATH=\"$PATH:/opt/homebrew/bin\"\n#\n#if which swift-format >/dev/null; then\n#    swift-format format -i -r \"${HOME}/Developer/Philitas-iOS\"\n#else\n#    echo \"warning: swift-format not installed\"\n#fi\n\n";
		};
/* End PBXShellScriptBuildPhase section */

/* Begin PBXSourcesBuildPhase section */
		5910CBE827F0C68D00841351 /* Sources */ = {
			isa = PBXSourcesBuildPhase;
			buildActionMask = 2147483647;
			files = (
				5910CC4527F0CAEA00841351 /* WordDetailsStore.swift in Sources */,
				5950D7482853D93C00E5F4C7 /* FavoriteService.swift in Sources */,
				5910CC2B27F0C83A00841351 /* DictionaryView.swift in Sources */,
				592850B527F250E7007DD160 /* RawRepresentable+isPresented.swift in Sources */,
				59BCF78127F8D59400B1DE8D /* DataState.swift in Sources */,
				59BCF78327F8D5E100B1DE8D /* WordDetailsStore+ViewModel.swift in Sources */,
				5941D52D28524C8A0006C373 /* WordDetailsService.swift in Sources */,
				5910CC3427F0C87D00841351 /* Word.swift in Sources */,
				5941D52B28524BD80006C373 /* WordDetailsLoader.swift in Sources */,
				5910CC4927F0CB4900841351 /* Pagination.swift in Sources */,
				5986B96D27F79B2600703697 /* APIConfigure.swift in Sources */,
				59C890CA27F23663008956B3 /* LineDivider.swift in Sources */,
				59C890BF27F220D0008956B3 /* Response+User.swift in Sources */,
				59BCF78727F8D68500B1DE8D /* WordDetailsStore+PresentedView.swift in Sources */,
				5910CC5227F0CCA400841351 /* SearchHit.swift in Sources */,
				5950D7442853D7F800E5F4C7 /* FavoriteLoader.swift in Sources */,
				592850B327F24AD5007DD160 /* ProfileStore.swift in Sources */,
				5903FC8327F9CADC00ED0D67 /* ViewPresentable.swift in Sources */,
				592CABC427F112760093F879 /* Endpoint.swift in Sources */,
				5910CC5527F0CD2000841351 /* WordRow.swift in Sources */,
				5910CC3C27F0C95200841351 /* String+urlEncoded.swift in Sources */,
				597A55D427F2605500A92CC9 /* UserDefaults.swift in Sources */,
				592CABC627F113430093F879 /* WordAPI.swift in Sources */,
				597A55D627F2658700A92CC9 /* Session.swift in Sources */,
				5910CC2927F0C82000841351 /* DashboardView.swift in Sources */,
				5910CC3027F0C86C00841351 /* BaseResponse.swift in Sources */,
				590C519827F64F14003D26F9 /* Logger.swift in Sources */,
				5941D53128525FC20006C373 /* DictionaryService.swift in Sources */,
				5950D74C2853DE9C00E5F4C7 /* FavoriteView.swift in Sources */,
				5910CC4227F0CA6500841351 /* DictionaryStore.swift in Sources */,
				5910CC2E27F0C85A00841351 /* TabItem.swift in Sources */,
				59C890C827F231B1008956B3 /* LoginModel.swift in Sources */,
				59C890BD27F21EF0008956B3 /* Response.swift in Sources */,
				59C890C627F231A9008956B3 /* LoginView.swift in Sources */,
				5910CBF027F0C68D00841351 /* PhilitasApp.swift in Sources */,
				5941D52F28525D650006C373 /* DictionaryLoader.swift in Sources */,
				592850B127F2499E007DD160 /* ProfileView.swift in Sources */,
				5910CC5927F0F14F00841351 /* TranslateView.swift in Sources */,
				5910CC3627F0C8C700841351 /* WordDetailsView.swift in Sources */,
				5941D533285270670006C373 /* SessionLoader.swift in Sources */,
				590C518F27F63606003D26F9 /* Translation.swift in Sources */,
				5941D5352852706D0006C373 /* SessionService.swift in Sources */,
				59C890C327F2220E008956B3 /* UserAPI.swift in Sources */,
				590C51A027F67627003D26F9 /* AsyncButton.swift in Sources */,
				5950D74A2853DCBD00E5F4C7 /* FavoriteStore.swift in Sources */,
				5950D7412853AD8B00E5F4C7 /* DictionaryUpdater.swift in Sources */,
				5910CC5727F0E7B200841351 /* TranslateCountryCode.swift in Sources */,
				5910CC3E27F0CA0E00841351 /* Array+UpdateWord.swift in Sources */,
				5910CC5027F0CC8600841351 /* DictionaryExplanation.swift in Sources */,
				5950D7462853D86F00E5F4C7 /* Paginatable.swift in Sources */,
			);
			runOnlyForDeploymentPostprocessing = 0;
		};
		5910CBF827F0C68E00841351 /* Sources */ = {
			isa = PBXSourcesBuildPhase;
			buildActionMask = 2147483647;
			files = (
				5910CC0127F0C68E00841351 /* PhilitasTests.swift in Sources */,
			);
			runOnlyForDeploymentPostprocessing = 0;
		};
		5910CC0227F0C68E00841351 /* Sources */ = {
			isa = PBXSourcesBuildPhase;
			buildActionMask = 2147483647;
			files = (
				5910CC0D27F0C68E00841351 /* PhilitasUITestsLaunchTests.swift in Sources */,
				5910CC0B27F0C68E00841351 /* PhilitasUITests.swift in Sources */,
			);
			runOnlyForDeploymentPostprocessing = 0;
		};
/* End PBXSourcesBuildPhase section */

/* Begin PBXTargetDependency section */
		5910CBFE27F0C68E00841351 /* PBXTargetDependency */ = {
			isa = PBXTargetDependency;
			target = 5910CBEB27F0C68D00841351 /* Philitas */;
			targetProxy = 5910CBFD27F0C68E00841351 /* PBXContainerItemProxy */;
		};
		5910CC0827F0C68E00841351 /* PBXTargetDependency */ = {
			isa = PBXTargetDependency;
			target = 5910CBEB27F0C68D00841351 /* Philitas */;
			targetProxy = 5910CC0727F0C68E00841351 /* PBXContainerItemProxy */;
		};
/* End PBXTargetDependency section */

/* Begin XCBuildConfiguration section */
		5910CC0E27F0C68E00841351 /* Debug */ = {
			isa = XCBuildConfiguration;
			buildSettings = {
				ALWAYS_SEARCH_USER_PATHS = NO;
				CLANG_ANALYZER_NONNULL = YES;
				CLANG_ANALYZER_NUMBER_OBJECT_CONVERSION = YES_AGGRESSIVE;
				CLANG_CXX_LANGUAGE_STANDARD = "gnu++17";
				CLANG_ENABLE_MODULES = YES;
				CLANG_ENABLE_OBJC_ARC = YES;
				CLANG_ENABLE_OBJC_WEAK = YES;
				CLANG_WARN_BLOCK_CAPTURE_AUTORELEASING = YES;
				CLANG_WARN_BOOL_CONVERSION = YES;
				CLANG_WARN_COMMA = YES;
				CLANG_WARN_CONSTANT_CONVERSION = YES;
				CLANG_WARN_DEPRECATED_OBJC_IMPLEMENTATIONS = YES;
				CLANG_WARN_DIRECT_OBJC_ISA_USAGE = YES_ERROR;
				CLANG_WARN_DOCUMENTATION_COMMENTS = YES;
				CLANG_WARN_EMPTY_BODY = YES;
				CLANG_WARN_ENUM_CONVERSION = YES;
				CLANG_WARN_INFINITE_RECURSION = YES;
				CLANG_WARN_INT_CONVERSION = YES;
				CLANG_WARN_NON_LITERAL_NULL_CONVERSION = YES;
				CLANG_WARN_OBJC_IMPLICIT_RETAIN_SELF = YES;
				CLANG_WARN_OBJC_LITERAL_CONVERSION = YES;
				CLANG_WARN_OBJC_ROOT_CLASS = YES_ERROR;
				CLANG_WARN_QUOTED_INCLUDE_IN_FRAMEWORK_HEADER = YES;
				CLANG_WARN_RANGE_LOOP_ANALYSIS = YES;
				CLANG_WARN_STRICT_PROTOTYPES = YES;
				CLANG_WARN_SUSPICIOUS_MOVE = YES;
				CLANG_WARN_UNGUARDED_AVAILABILITY = YES_AGGRESSIVE;
				CLANG_WARN_UNREACHABLE_CODE = YES;
				CLANG_WARN__DUPLICATE_METHOD_MATCH = YES;
				COPY_PHASE_STRIP = NO;
				DEBUG_INFORMATION_FORMAT = dwarf;
				ENABLE_STRICT_OBJC_MSGSEND = YES;
				ENABLE_TESTABILITY = YES;
				GCC_C_LANGUAGE_STANDARD = gnu11;
				GCC_DYNAMIC_NO_PIC = NO;
				GCC_NO_COMMON_BLOCKS = YES;
				GCC_OPTIMIZATION_LEVEL = 0;
				GCC_PREPROCESSOR_DEFINITIONS = (
					"DEBUG=1",
					"$(inherited)",
				);
				GCC_WARN_64_TO_32_BIT_CONVERSION = YES;
				GCC_WARN_ABOUT_RETURN_TYPE = YES_ERROR;
				GCC_WARN_UNDECLARED_SELECTOR = YES;
				GCC_WARN_UNINITIALIZED_AUTOS = YES_AGGRESSIVE;
				GCC_WARN_UNUSED_FUNCTION = YES;
				GCC_WARN_UNUSED_VARIABLE = YES;
				IPHONEOS_DEPLOYMENT_TARGET = 15.4;
				MTL_ENABLE_DEBUG_INFO = INCLUDE_SOURCE;
				MTL_FAST_MATH = YES;
				ONLY_ACTIVE_ARCH = YES;
				SDKROOT = iphoneos;
				SWIFT_ACTIVE_COMPILATION_CONDITIONS = DEBUG;
				SWIFT_OPTIMIZATION_LEVEL = "-Onone";
			};
			name = Debug;
		};
		5910CC0F27F0C68E00841351 /* Release */ = {
			isa = XCBuildConfiguration;
			buildSettings = {
				ALWAYS_SEARCH_USER_PATHS = NO;
				CLANG_ANALYZER_NONNULL = YES;
				CLANG_ANALYZER_NUMBER_OBJECT_CONVERSION = YES_AGGRESSIVE;
				CLANG_CXX_LANGUAGE_STANDARD = "gnu++17";
				CLANG_ENABLE_MODULES = YES;
				CLANG_ENABLE_OBJC_ARC = YES;
				CLANG_ENABLE_OBJC_WEAK = YES;
				CLANG_WARN_BLOCK_CAPTURE_AUTORELEASING = YES;
				CLANG_WARN_BOOL_CONVERSION = YES;
				CLANG_WARN_COMMA = YES;
				CLANG_WARN_CONSTANT_CONVERSION = YES;
				CLANG_WARN_DEPRECATED_OBJC_IMPLEMENTATIONS = YES;
				CLANG_WARN_DIRECT_OBJC_ISA_USAGE = YES_ERROR;
				CLANG_WARN_DOCUMENTATION_COMMENTS = YES;
				CLANG_WARN_EMPTY_BODY = YES;
				CLANG_WARN_ENUM_CONVERSION = YES;
				CLANG_WARN_INFINITE_RECURSION = YES;
				CLANG_WARN_INT_CONVERSION = YES;
				CLANG_WARN_NON_LITERAL_NULL_CONVERSION = YES;
				CLANG_WARN_OBJC_IMPLICIT_RETAIN_SELF = YES;
				CLANG_WARN_OBJC_LITERAL_CONVERSION = YES;
				CLANG_WARN_OBJC_ROOT_CLASS = YES_ERROR;
				CLANG_WARN_QUOTED_INCLUDE_IN_FRAMEWORK_HEADER = YES;
				CLANG_WARN_RANGE_LOOP_ANALYSIS = YES;
				CLANG_WARN_STRICT_PROTOTYPES = YES;
				CLANG_WARN_SUSPICIOUS_MOVE = YES;
				CLANG_WARN_UNGUARDED_AVAILABILITY = YES_AGGRESSIVE;
				CLANG_WARN_UNREACHABLE_CODE = YES;
				CLANG_WARN__DUPLICATE_METHOD_MATCH = YES;
				COPY_PHASE_STRIP = NO;
				DEBUG_INFORMATION_FORMAT = "dwarf-with-dsym";
				ENABLE_NS_ASSERTIONS = NO;
				ENABLE_STRICT_OBJC_MSGSEND = YES;
				GCC_C_LANGUAGE_STANDARD = gnu11;
				GCC_NO_COMMON_BLOCKS = YES;
				GCC_WARN_64_TO_32_BIT_CONVERSION = YES;
				GCC_WARN_ABOUT_RETURN_TYPE = YES_ERROR;
				GCC_WARN_UNDECLARED_SELECTOR = YES;
				GCC_WARN_UNINITIALIZED_AUTOS = YES_AGGRESSIVE;
				GCC_WARN_UNUSED_FUNCTION = YES;
				GCC_WARN_UNUSED_VARIABLE = YES;
				IPHONEOS_DEPLOYMENT_TARGET = 15.4;
				MTL_ENABLE_DEBUG_INFO = NO;
				MTL_FAST_MATH = YES;
				SDKROOT = iphoneos;
				SWIFT_COMPILATION_MODE = wholemodule;
				SWIFT_OPTIMIZATION_LEVEL = "-O";
				VALIDATE_PRODUCT = YES;
			};
			name = Release;
		};
		5910CC1127F0C68E00841351 /* Debug */ = {
			isa = XCBuildConfiguration;
			buildSettings = {
				ALWAYS_EMBED_SWIFT_STANDARD_LIBRARIES = YES;
				ASSETCATALOG_COMPILER_APPICON_NAME = AppIcon;
				ASSETCATALOG_COMPILER_GLOBAL_ACCENT_COLOR_NAME = AccentColor;
				CODE_SIGN_STYLE = Automatic;
				CURRENT_PROJECT_VERSION = 1;
				DEVELOPMENT_ASSET_PATHS = "\"Philitas/Preview Content\"";
				ENABLE_PREVIEWS = YES;
				GENERATE_INFOPLIST_FILE = YES;
				INFOPLIST_KEY_UIApplicationSceneManifest_Generation = YES;
				INFOPLIST_KEY_UIApplicationSupportsIndirectInputEvents = YES;
				INFOPLIST_KEY_UILaunchScreen_Generation = YES;
				INFOPLIST_KEY_UISupportedInterfaceOrientations_iPad = "UIInterfaceOrientationPortrait UIInterfaceOrientationPortraitUpsideDown UIInterfaceOrientationLandscapeLeft UIInterfaceOrientationLandscapeRight";
				INFOPLIST_KEY_UISupportedInterfaceOrientations_iPhone = "UIInterfaceOrientationPortrait UIInterfaceOrientationLandscapeLeft UIInterfaceOrientationLandscapeRight";
				LD_RUNPATH_SEARCH_PATHS = (
					"$(inherited)",
					"@executable_path/Frameworks",
				);
				MARKETING_VERSION = 1.0;
				PRODUCT_BUNDLE_IDENTIFIER = ivan.Philitas;
				PRODUCT_NAME = "$(TARGET_NAME)";
				SWIFT_EMIT_LOC_STRINGS = YES;
				SWIFT_VERSION = 5.0;
				TARGETED_DEVICE_FAMILY = "1,2";
			};
			name = Debug;
		};
		5910CC1227F0C68E00841351 /* Release */ = {
			isa = XCBuildConfiguration;
			buildSettings = {
				ALWAYS_EMBED_SWIFT_STANDARD_LIBRARIES = YES;
				ASSETCATALOG_COMPILER_APPICON_NAME = AppIcon;
				ASSETCATALOG_COMPILER_GLOBAL_ACCENT_COLOR_NAME = AccentColor;
				CODE_SIGN_STYLE = Automatic;
				CURRENT_PROJECT_VERSION = 1;
				DEVELOPMENT_ASSET_PATHS = "\"Philitas/Preview Content\"";
				ENABLE_PREVIEWS = YES;
				GENERATE_INFOPLIST_FILE = YES;
				INFOPLIST_KEY_UIApplicationSceneManifest_Generation = YES;
				INFOPLIST_KEY_UIApplicationSupportsIndirectInputEvents = YES;
				INFOPLIST_KEY_UILaunchScreen_Generation = YES;
				INFOPLIST_KEY_UISupportedInterfaceOrientations_iPad = "UIInterfaceOrientationPortrait UIInterfaceOrientationPortraitUpsideDown UIInterfaceOrientationLandscapeLeft UIInterfaceOrientationLandscapeRight";
				INFOPLIST_KEY_UISupportedInterfaceOrientations_iPhone = "UIInterfaceOrientationPortrait UIInterfaceOrientationLandscapeLeft UIInterfaceOrientationLandscapeRight";
				LD_RUNPATH_SEARCH_PATHS = (
					"$(inherited)",
					"@executable_path/Frameworks",
				);
				MARKETING_VERSION = 1.0;
				PRODUCT_BUNDLE_IDENTIFIER = ivan.Philitas;
				PRODUCT_NAME = "$(TARGET_NAME)";
				SWIFT_EMIT_LOC_STRINGS = YES;
				SWIFT_VERSION = 5.0;
				TARGETED_DEVICE_FAMILY = "1,2";
			};
			name = Release;
		};
		5910CC1427F0C68E00841351 /* Debug */ = {
			isa = XCBuildConfiguration;
			buildSettings = {
				ALWAYS_EMBED_SWIFT_STANDARD_LIBRARIES = YES;
				BUNDLE_LOADER = "$(TEST_HOST)";
				CODE_SIGN_STYLE = Automatic;
				CURRENT_PROJECT_VERSION = 1;
				GENERATE_INFOPLIST_FILE = YES;
				IPHONEOS_DEPLOYMENT_TARGET = 15.4;
				MARKETING_VERSION = 1.0;
				PRODUCT_BUNDLE_IDENTIFIER = ivan.PhilitasTests;
				PRODUCT_NAME = "$(TARGET_NAME)";
				SWIFT_EMIT_LOC_STRINGS = NO;
				SWIFT_VERSION = 5.0;
				TARGETED_DEVICE_FAMILY = "1,2";
				TEST_HOST = "$(BUILT_PRODUCTS_DIR)/Philitas.app/Philitas";
			};
			name = Debug;
		};
		5910CC1527F0C68E00841351 /* Release */ = {
			isa = XCBuildConfiguration;
			buildSettings = {
				ALWAYS_EMBED_SWIFT_STANDARD_LIBRARIES = YES;
				BUNDLE_LOADER = "$(TEST_HOST)";
				CODE_SIGN_STYLE = Automatic;
				CURRENT_PROJECT_VERSION = 1;
				GENERATE_INFOPLIST_FILE = YES;
				IPHONEOS_DEPLOYMENT_TARGET = 15.4;
				MARKETING_VERSION = 1.0;
				PRODUCT_BUNDLE_IDENTIFIER = ivan.PhilitasTests;
				PRODUCT_NAME = "$(TARGET_NAME)";
				SWIFT_EMIT_LOC_STRINGS = NO;
				SWIFT_VERSION = 5.0;
				TARGETED_DEVICE_FAMILY = "1,2";
				TEST_HOST = "$(BUILT_PRODUCTS_DIR)/Philitas.app/Philitas";
			};
			name = Release;
		};
		5910CC1727F0C68E00841351 /* Debug */ = {
			isa = XCBuildConfiguration;
			buildSettings = {
				ALWAYS_EMBED_SWIFT_STANDARD_LIBRARIES = YES;
				CODE_SIGN_STYLE = Automatic;
				CURRENT_PROJECT_VERSION = 1;
				GENERATE_INFOPLIST_FILE = YES;
				MARKETING_VERSION = 1.0;
				PRODUCT_BUNDLE_IDENTIFIER = ivan.PhilitasUITests;
				PRODUCT_NAME = "$(TARGET_NAME)";
				SWIFT_EMIT_LOC_STRINGS = NO;
				SWIFT_VERSION = 5.0;
				TARGETED_DEVICE_FAMILY = "1,2";
				TEST_TARGET_NAME = Philitas;
			};
			name = Debug;
		};
		5910CC1827F0C68E00841351 /* Release */ = {
			isa = XCBuildConfiguration;
			buildSettings = {
				ALWAYS_EMBED_SWIFT_STANDARD_LIBRARIES = YES;
				CODE_SIGN_STYLE = Automatic;
				CURRENT_PROJECT_VERSION = 1;
				GENERATE_INFOPLIST_FILE = YES;
				MARKETING_VERSION = 1.0;
				PRODUCT_BUNDLE_IDENTIFIER = ivan.PhilitasUITests;
				PRODUCT_NAME = "$(TARGET_NAME)";
				SWIFT_EMIT_LOC_STRINGS = NO;
				SWIFT_VERSION = 5.0;
				TARGETED_DEVICE_FAMILY = "1,2";
				TEST_TARGET_NAME = Philitas;
			};
			name = Release;
		};
/* End XCBuildConfiguration section */

/* Begin XCConfigurationList section */
		5910CBE727F0C68D00841351 /* Build configuration list for PBXProject "Philitas" */ = {
			isa = XCConfigurationList;
			buildConfigurations = (
				5910CC0E27F0C68E00841351 /* Debug */,
				5910CC0F27F0C68E00841351 /* Release */,
			);
			defaultConfigurationIsVisible = 0;
			defaultConfigurationName = Release;
		};
		5910CC1027F0C68E00841351 /* Build configuration list for PBXNativeTarget "Philitas" */ = {
			isa = XCConfigurationList;
			buildConfigurations = (
				5910CC1127F0C68E00841351 /* Debug */,
				5910CC1227F0C68E00841351 /* Release */,
			);
			defaultConfigurationIsVisible = 0;
			defaultConfigurationName = Release;
		};
		5910CC1327F0C68E00841351 /* Build configuration list for PBXNativeTarget "PhilitasTests" */ = {
			isa = XCConfigurationList;
			buildConfigurations = (
				5910CC1427F0C68E00841351 /* Debug */,
				5910CC1527F0C68E00841351 /* Release */,
			);
			defaultConfigurationIsVisible = 0;
			defaultConfigurationName = Release;
		};
		5910CC1627F0C68E00841351 /* Build configuration list for PBXNativeTarget "PhilitasUITests" */ = {
			isa = XCConfigurationList;
			buildConfigurations = (
				5910CC1727F0C68E00841351 /* Debug */,
				5910CC1827F0C68E00841351 /* Release */,
			);
			defaultConfigurationIsVisible = 0;
			defaultConfigurationName = Release;
		};
/* End XCConfigurationList section */

/* Begin XCSwiftPackageProductDependency section */
		5903FC7F27F9A89100ED0D67 /* Networking */ = {
			isa = XCSwiftPackageProductDependency;
			productName = Networking;
		};
/* End XCSwiftPackageProductDependency section */
	};
	rootObject = 5910CBE427F0C68D00841351 /* Project object */;
}
